
Microsoft Visual Studio Solution File, Format Version 10.00
# Visual Studio 2008
Project("{FAE04EC0-301F-11D3-BF4B-00C04F79EFBC}") = "Sapphire.Core", "Sapphire.Core\Sapphire.Core.csproj", "{6EFF988D-F627-4FFD-AE98-675DE46D5649}"
EndProject
Global
	GlobalSection(SolutionConfigurationPlatforms) = preSolution
		Debug|Any CPU = Debug|Any CPU
		Release|Any CPU = Release|Any CPU
	EndGlobalSection
	GlobalSection(ProjectConfigurationPlatforms) = postSolution
		{6EFF988D-F627-4FFD-AE98-675DE46D5649}.Debug|Any CPU.ActiveCfg = Debug|Any CPU
		{6EFF988D-F627-4FFD-AE98-675DE46D5649}.Debug|Any CPU.Build.0 = Debug|Any CPU
		{6EFF988D-F627-4FFD-AE98-675DE46D5649}.Release|Any CPU.ActiveCfg = Release|Any CPU
		{6EFF988D-F627-4FFD-AE98-675DE46D5649}.Release|Any CPU.Build.0 = Release|Any CPU
	EndGlobalSection
	GlobalSection(SolutionProperties) = preSolution
		HideSolutionNode = FALSE
	EndGlobalSection
EndGlobal
