
Microsoft Visual Studio Solution File, Format Version 10.00
# Visual Studio 2008
Project("{FAE04EC0-301F-11D3-BF4B-00C04F79EFBC}") = "Sapphire.Core", "Sapphire.Core\Sapphire.Core.csproj", "{111C7B02-5E7E-4CF0-B314-9520E2C11270}"
EndProject
Project("{FAE04EC0-301F-11D3-BF4B-00C04F79EFBC}") = "Sapphire.Core.Tests", "Sapphire.Core.Tests\Sapphire.Core.Tests.csproj", "{D7613D91-E17F-4D2E-B051-EB9B80FC844E}"
EndProject
Project("{2150E333-8FDC-42A3-9474-1A3956D46DE8}") = "external", "external", "{CDE43CAD-64EA-4D06-B983-2DA92BCD1B85}"
	ProjectSection(SolutionItems) = preProject
		..\external\IronPython.dll = ..\external\IronPython.dll
		..\external\IronPython.XML = ..\external\IronPython.XML
		..\external\Microsoft.Dynamic.dll = ..\external\Microsoft.Dynamic.dll
		..\external\Microsoft.Practices.ObjectBuilder2.dll = ..\external\Microsoft.Practices.ObjectBuilder2.dll
		..\external\Microsoft.Practices.Unity.dll = ..\external\Microsoft.Practices.Unity.dll
		..\external\Microsoft.Scripting.Core.dll = ..\external\Microsoft.Scripting.Core.dll
		..\external\Microsoft.Scripting.dll = ..\external\Microsoft.Scripting.dll
		..\external\Microsoft.Scripting.ExtensionAttribute.dll = ..\external\Microsoft.Scripting.ExtensionAttribute.dll
		..\external\Microsoft.SharePoint.dll = ..\external\Microsoft.SharePoint.dll
		..\external\Microsoft.SharePoint.Security.dll = ..\external\Microsoft.SharePoint.Security.dll
		..\external\Microsoft.SharePoint.Security.xml = ..\external\Microsoft.SharePoint.Security.xml
		..\external\Microsoft.SharePoint.xml = ..\external\Microsoft.SharePoint.xml
	EndProjectSection
EndProject
Project("{FAE04EC0-301F-11D3-BF4B-00C04F79EFBC}") = "Sapphire.Application", "Sapphire.Application\Sapphire.Application.csproj", "{46FB3052-4B41-4DF8-86CE-18D92A7DF6B2}"
EndProject
Project("{FAE04EC0-301F-11D3-BF4B-00C04F79EFBC}") = "Sapphire.Application.Tests", "Sapphire.Application.Tests\Sapphire.Application.Tests.csproj", "{10EA2CC2-F46E-4274-A099-504E2FD4D8AB}"
EndProject
Project("{FAE04EC0-301F-11D3-BF4B-00C04F79EFBC}") = "Sapphire.Environment", "Sapphire.Environment\Sapphire.Environment.csproj", "{3A9E7570-F684-44CF-A218-14B53C32D3CF}"
EndProject
Project("{FAE04EC0-301F-11D3-BF4B-00C04F79EFBC}") = "Sapphire.Environment.Tests", "Sapphire.Environment.Tests\Sapphire.Environment.Tests.csproj", "{E2798F31-8BB3-4A14-84DD-67D8B2BAED29}"
EndProject
Project("{FAE04EC0-301F-11D3-BF4B-00C04F79EFBC}") = "Sapphire.Core.UI", "Sapphire.Core.UI\Sapphire.Core.UI.csproj", "{556B6E7A-2E39-4CE8-84AD-0067AAA460BC}"
EndProject
Project("{FAE04EC0-301F-11D3-BF4B-00C04F79EFBC}") = "Sapphire.Core.Fluent", "Sapphire.Core.Fluent\Sapphire.Core.Fluent.csproj", "{FD5D2D21-590F-4A0A-86AB-7C5F7A107964}"
EndProject
Project("{FAE04EC0-301F-11D3-BF4B-00C04F79EFBC}") = "Sapphire.Core.Fluent.Tests", "Sapphire.Core.Fluent.Tests\Sapphire.Core.Fluent.Tests.csproj", "{966EDE66-BCEF-4958-B331-AAE273F88E2C}"
EndProject
Global
	GlobalSection(SolutionConfigurationPlatforms) = preSolution
		Debug|Any CPU = Debug|Any CPU
		Release|Any CPU = Release|Any CPU
	EndGlobalSection
	GlobalSection(ProjectConfigurationPlatforms) = postSolution
		{111C7B02-5E7E-4CF0-B314-9520E2C11270}.Debug|Any CPU.ActiveCfg = Debug|Any CPU
		{111C7B02-5E7E-4CF0-B314-9520E2C11270}.Debug|Any CPU.Build.0 = Debug|Any CPU
		{111C7B02-5E7E-4CF0-B314-9520E2C11270}.Release|Any CPU.ActiveCfg = Release|Any CPU
		{111C7B02-5E7E-4CF0-B314-9520E2C11270}.Release|Any CPU.Build.0 = Release|Any CPU
		{D7613D91-E17F-4D2E-B051-EB9B80FC844E}.Debug|Any CPU.ActiveCfg = Debug|Any CPU
		{D7613D91-E17F-4D2E-B051-EB9B80FC844E}.Debug|Any CPU.Build.0 = Debug|Any CPU
		{D7613D91-E17F-4D2E-B051-EB9B80FC844E}.Release|Any CPU.ActiveCfg = Release|Any CPU
		{D7613D91-E17F-4D2E-B051-EB9B80FC844E}.Release|Any CPU.Build.0 = Release|Any CPU
		{46FB3052-4B41-4DF8-86CE-18D92A7DF6B2}.Debug|Any CPU.ActiveCfg = Debug|Any CPU
		{46FB3052-4B41-4DF8-86CE-18D92A7DF6B2}.Debug|Any CPU.Build.0 = Debug|Any CPU
		{46FB3052-4B41-4DF8-86CE-18D92A7DF6B2}.Release|Any CPU.ActiveCfg = Release|Any CPU
		{46FB3052-4B41-4DF8-86CE-18D92A7DF6B2}.Release|Any CPU.Build.0 = Release|Any CPU
		{10EA2CC2-F46E-4274-A099-504E2FD4D8AB}.Debug|Any CPU.ActiveCfg = Debug|Any CPU
		{10EA2CC2-F46E-4274-A099-504E2FD4D8AB}.Debug|Any CPU.Build.0 = Debug|Any CPU
		{10EA2CC2-F46E-4274-A099-504E2FD4D8AB}.Release|Any CPU.ActiveCfg = Release|Any CPU
		{10EA2CC2-F46E-4274-A099-504E2FD4D8AB}.Release|Any CPU.Build.0 = Release|Any CPU
		{3A9E7570-F684-44CF-A218-14B53C32D3CF}.Debug|Any CPU.ActiveCfg = Debug|Any CPU
		{3A9E7570-F684-44CF-A218-14B53C32D3CF}.Debug|Any CPU.Build.0 = Debug|Any CPU
		{3A9E7570-F684-44CF-A218-14B53C32D3CF}.Release|Any CPU.ActiveCfg = Release|Any CPU
		{3A9E7570-F684-44CF-A218-14B53C32D3CF}.Release|Any CPU.Build.0 = Release|Any CPU
		{E2798F31-8BB3-4A14-84DD-67D8B2BAED29}.Debug|Any CPU.ActiveCfg = Debug|Any CPU
		{E2798F31-8BB3-4A14-84DD-67D8B2BAED29}.Debug|Any CPU.Build.0 = Debug|Any CPU
		{E2798F31-8BB3-4A14-84DD-67D8B2BAED29}.Release|Any CPU.ActiveCfg = Release|Any CPU
		{E2798F31-8BB3-4A14-84DD-67D8B2BAED29}.Release|Any CPU.Build.0 = Release|Any CPU
		{556B6E7A-2E39-4CE8-84AD-0067AAA460BC}.Debug|Any CPU.ActiveCfg = Debug|Any CPU
		{556B6E7A-2E39-4CE8-84AD-0067AAA460BC}.Debug|Any CPU.Build.0 = Debug|Any CPU
		{556B6E7A-2E39-4CE8-84AD-0067AAA460BC}.Release|Any CPU.ActiveCfg = Release|Any CPU
		{556B6E7A-2E39-4CE8-84AD-0067AAA460BC}.Release|Any CPU.Build.0 = Release|Any CPU
		{FD5D2D21-590F-4A0A-86AB-7C5F7A107964}.Debug|Any CPU.ActiveCfg = Debug|Any CPU
		{FD5D2D21-590F-4A0A-86AB-7C5F7A107964}.Debug|Any CPU.Build.0 = Debug|Any CPU
		{FD5D2D21-590F-4A0A-86AB-7C5F7A107964}.Release|Any CPU.ActiveCfg = Release|Any CPU
		{FD5D2D21-590F-4A0A-86AB-7C5F7A107964}.Release|Any CPU.Build.0 = Release|Any CPU
		{966EDE66-BCEF-4958-B331-AAE273F88E2C}.Debug|Any CPU.ActiveCfg = Debug|Any CPU
		{966EDE66-BCEF-4958-B331-AAE273F88E2C}.Debug|Any CPU.Build.0 = Debug|Any CPU
		{966EDE66-BCEF-4958-B331-AAE273F88E2C}.Release|Any CPU.ActiveCfg = Release|Any CPU
		{966EDE66-BCEF-4958-B331-AAE273F88E2C}.Release|Any CPU.Build.0 = Release|Any CPU
	EndGlobalSection
	GlobalSection(SolutionProperties) = preSolution
		HideSolutionNode = FALSE
	EndGlobalSection
EndGlobal
